<?xml version="1.0" encoding="utf-8"?>
<Project ToolsVersion="4.0" xmlns="http://schemas.microsoft.com/developer/msbuild/2003">
  <ItemGroup>
    <Filter Include="Source Files">
      <UniqueIdentifier>{4FC737F1-C7A5-4376-A066-2A32D752A2FF}</UniqueIdentifier>
      <Extensions>cpp;c;cc;cxx;def;odl;idl;hpj;bat;asm;asmx</Extensions>
    </Filter>
    <Filter Include="Header Files">
      <UniqueIdentifier>{93995380-89BD-4b04-88EB-625FBE52EBFB}</UniqueIdentifier>
      <Extensions>h;hh;hpp;hxx;hm;inl;inc;xsd</Extensions>
    </Filter>
    <Filter Include="Resource Files">
      <UniqueIdentifier>{67DA6AB6-F800-4c08-8B7A-83BB121AAD01}</UniqueIdentifier>
      <Extensions>rc;ico;cur;bmp;dlg;rc2;rct;bin;rgs;gif;jpg;jpeg;jpe;resx;tiff;tif;png;wav;mfcribbon-ms</Extensions>
    </Filter>
    <Filter Include="Pickup">
      <UniqueIdentifier>{eb539a76-a69c-4493-8058-55b17887c77e}</UniqueIdentifier>
    </Filter>
    <Filter Include="Character">
      <UniqueIdentifier>{53e12c10-0a66-49db-a8aa-18103acaad74}</UniqueIdentifier>
    </Filter>
    <Filter Include="Extensions">
      <UniqueIdentifier>{7441ebad-700a-44f1-a8af-cf93ad6b7db8}</UniqueIdentifier>
    </Filter>
    <Filter Include="Interface">
      <UniqueIdentifier>{e3bc0d70-25ba-45bb-907f-4f6899fcc98d}</UniqueIdentifier>
    </Filter>
    <Filter Include="Scenes">
      <UniqueIdentifier>{0bb7ad0b-2b9e-410c-9294-74e4d9036eb2}</UniqueIdentifier>
    </Filter>
  </ItemGroup>
  <ItemGroup>
    <Text Include="ReadMe.txt" />
  </ItemGroup>
  <ItemGroup>
    <ClInclude Include="stdafx.h">
      <Filter>Header Files</Filter>
    </ClInclude>
    <ClInclude Include="targetver.h">
      <Filter>Header Files</Filter>
    </ClInclude>
    <ClInclude Include="Pickup.h">
      <Filter>Pickup</Filter>
    </ClInclude>
    <ClInclude Include="BeehivePickup.h">
      <Filter>Pickup</Filter>
    </ClInclude>
    <ClInclude Include="SuitPickup.h">
      <Filter>Pickup</Filter>
    </ClInclude>
    <ClInclude Include="WeaponPickup.h">
      <Filter>Pickup</Filter>
    </ClInclude>
    <ClInclude Include="Character.h">
      <Filter>Character</Filter>
    </ClInclude>
    <ClInclude Include="BeeCharacter.h">
      <Filter>Character</Filter>
    </ClInclude>
    <ClInclude Include="PlayerCharacter.h">
      <Filter>Character</Filter>
    </ClInclude>
    <ClInclude Include="Vector2Extender.h">
      <Filter>Extensions</Filter>
    </ClInclude>
    <ClInclude Include="HUD.h">
      <Filter>Interface</Filter>
    </ClInclude>
    <ClInclude Include="Scene.h">
      <Filter>Scenes</Filter>
    </ClInclude>
    <ClInclude Include="GameplayScene.h">
      <Filter>Scenes</Filter>
    </ClInclude>
    <ClInclude Include="TransformableExtender.h">
      <Filter>Extensions</Filter>
    </ClInclude>
    <ClInclude Include="MenuButton.h">
      <Filter>Interface</Filter>
    </ClInclude>
    <ClInclude Include="MainMenuScene.h">
      <Filter>Scenes</Filter>
    </ClInclude>
    <ClInclude Include="GameOverScene.h">
      <Filter>Scenes</Filter>
    </ClInclude>
  </ItemGroup>
  <ItemGroup>
    <ClCompile Include="stdafx.cpp">
      <Filter>Source Files</Filter>
    </ClCompile>
    <ClCompile Include="main.cpp">
      <Filter>Source Files</Filter>
    </ClCompile>
    <ClCompile Include="Pickup.cpp">
      <Filter>Pickup</Filter>
    </ClCompile>
    <ClCompile Include="BeehivePickup.cpp">
      <Filter>Pickup</Filter>
    </ClCompile>
    <ClCompile Include="SuitPickup.cpp">
      <Filter>Pickup</Filter>
    </ClCompile>
    <ClCompile Include="WeaponPickup.cpp">
      <Filter>Pickup</Filter>
    </ClCompile>
    <ClCompile Include="Character.cpp">
      <Filter>Character</Filter>
    </ClCompile>
    <ClCompile Include="PlayerCharacter.cpp">
      <Filter>Character</Filter>
    </ClCompile>
    <ClCompile Include="BeeCharacter.cpp">
      <Filter>Character</Filter>
    </ClCompile>
    <ClCompile Include="Vector2Extender.cpp">
      <Filter>Extensions</Filter>
    </ClCompile>
    <ClCompile Include="HUD.cpp">
      <Filter>Interface</Filter>
    </ClCompile>
    <ClCompile Include="Scene.cpp">
      <Filter>Scenes</Filter>
    </ClCompile>
    <ClCompile Include="GameplayScene.cpp">
      <Filter>Scenes</Filter>
    </ClCompile>
    <ClCompile Include="TransformableExtender.cpp">
      <Filter>Extensions</Filter>
    </ClCompile>
    <ClCompile Include="MenuButton.cpp">
      <Filter>Interface</Filter>
    </ClCompile>
    <ClCompile Include="MainMenuScene.cpp">
      <Filter>Scenes</Filter>
    </ClCompile>
    <ClCompile Include="GameOverScene.cpp">
      <Filter>Scenes</Filter>
    </ClCompile>
  </ItemGroup>
</Project>