<?xml version="1.0" encoding="UTF-8"?>
<Project ToolsVersion="14.0" xmlns="http://schemas.microsoft.com/developer/msbuild/2003">
  <ItemGroup>
    <ClCompile Include="D:\GitHub\HungryHoney\SFML_HungryHoney2\SFML_HungryHoney2\main.cpp">
      <Filter>Source Files</Filter>
    </ClCompile>
  </ItemGroup>
  <ItemGroup>
    <CustomBuild Include="D:\GitHub\HungryHoney\SFML_HungryHoney2\SFML_HungryHoney2\CMakeLists.txt" />
  </ItemGroup>
  <ItemGroup>
    <Filter Include="Source Files">
      <UniqueIdentifier>{84151C91-64F2-3819-A9ED-CBC0282C6EA6}</UniqueIdentifier>
    </Filter>
  </ItemGroup>
</Project>
