Microsoft Visual Studio Solution File, Format Version 12.00
# Visual Studio 14
Project("{8BC9CEB8-8B4A-11D0-8D11-00A0C91BC942}") = "ALL_BUILD", "ALL_BUILD.vcxproj", "{D20D8472-B6BD-36EB-9452-23E4E8B0B675}"
	ProjectSection(ProjectDependencies) = postProject
		{B1DCF4F0-51F1-3082-B63E-C313AB911B32} = {B1DCF4F0-51F1-3082-B63E-C313AB911B32}
		{0FFDF8F0-FCAF-380F-854E-BF2728B56949} = {0FFDF8F0-FCAF-380F-854E-BF2728B56949}
	EndProjectSection
EndProject
Project("{8BC9CEB8-8B4A-11D0-8D11-00A0C91BC942}") = "INSTALL", "INSTALL.vcxproj", "{F95C1FF3-E771-3C65-81CA-D1DD21A41214}"
	ProjectSection(ProjectDependencies) = postProject
		{D20D8472-B6BD-36EB-9452-23E4E8B0B675} = {D20D8472-B6BD-36EB-9452-23E4E8B0B675}
		{B1DCF4F0-51F1-3082-B63E-C313AB911B32} = {B1DCF4F0-51F1-3082-B63E-C313AB911B32}
	EndProjectSection
EndProject
Project("{8BC9CEB8-8B4A-11D0-8D11-00A0C91BC942}") = "PACKAGE", "PACKAGE.vcxproj", "{F36B555D-54D6-36D5-8BBB-841459E9AD8F}"
	ProjectSection(ProjectDependencies) = postProject
		{D20D8472-B6BD-36EB-9452-23E4E8B0B675} = {D20D8472-B6BD-36EB-9452-23E4E8B0B675}
		{B1DCF4F0-51F1-3082-B63E-C313AB911B32} = {B1DCF4F0-51F1-3082-B63E-C313AB911B32}
	EndProjectSection
EndProject
Project("{8BC9CEB8-8B4A-11D0-8D11-00A0C91BC942}") = "ZERO_CHECK", "ZERO_CHECK.vcxproj", "{B1DCF4F0-51F1-3082-B63E-C313AB911B32}"
	ProjectSection(ProjectDependencies) = postProject
	EndProjectSection
EndProject
Project("{8BC9CEB8-8B4A-11D0-8D11-00A0C91BC942}") = "myproject", "myproject.vcxproj", "{0FFDF8F0-FCAF-380F-854E-BF2728B56949}"
	ProjectSection(ProjectDependencies) = postProject
		{B1DCF4F0-51F1-3082-B63E-C313AB911B32} = {B1DCF4F0-51F1-3082-B63E-C313AB911B32}
	EndProjectSection
EndProject
Global
	GlobalSection(SolutionConfigurationPlatforms) = preSolution
		Debug|Win32 = Debug|Win32
		Release|Win32 = Release|Win32
		MinSizeRel|Win32 = MinSizeRel|Win32
		RelWithDebInfo|Win32 = RelWithDebInfo|Win32
	EndGlobalSection
	GlobalSection(ProjectConfigurationPlatforms) = postSolution
		{D20D8472-B6BD-36EB-9452-23E4E8B0B675}.Debug|Win32.ActiveCfg = Debug|Win32
		{D20D8472-B6BD-36EB-9452-23E4E8B0B675}.Debug|Win32.Build.0 = Debug|Win32
		{D20D8472-B6BD-36EB-9452-23E4E8B0B675}.Release|Win32.ActiveCfg = Release|Win32
		{D20D8472-B6BD-36EB-9452-23E4E8B0B675}.Release|Win32.Build.0 = Release|Win32
		{D20D8472-B6BD-36EB-9452-23E4E8B0B675}.MinSizeRel|Win32.ActiveCfg = MinSizeRel|Win32
		{D20D8472-B6BD-36EB-9452-23E4E8B0B675}.MinSizeRel|Win32.Build.0 = MinSizeRel|Win32
		{D20D8472-B6BD-36EB-9452-23E4E8B0B675}.RelWithDebInfo|Win32.ActiveCfg = RelWithDebInfo|Win32
		{D20D8472-B6BD-36EB-9452-23E4E8B0B675}.RelWithDebInfo|Win32.Build.0 = RelWithDebInfo|Win32
		{F95C1FF3-E771-3C65-81CA-D1DD21A41214}.Debug|Win32.ActiveCfg = Debug|Win32
		{F95C1FF3-E771-3C65-81CA-D1DD21A41214}.Release|Win32.ActiveCfg = Release|Win32
		{F95C1FF3-E771-3C65-81CA-D1DD21A41214}.MinSizeRel|Win32.ActiveCfg = MinSizeRel|Win32
		{F95C1FF3-E771-3C65-81CA-D1DD21A41214}.RelWithDebInfo|Win32.ActiveCfg = RelWithDebInfo|Win32
		{F36B555D-54D6-36D5-8BBB-841459E9AD8F}.Debug|Win32.ActiveCfg = Debug|Win32
		{F36B555D-54D6-36D5-8BBB-841459E9AD8F}.Release|Win32.ActiveCfg = Release|Win32
		{F36B555D-54D6-36D5-8BBB-841459E9AD8F}.MinSizeRel|Win32.ActiveCfg = MinSizeRel|Win32
		{F36B555D-54D6-36D5-8BBB-841459E9AD8F}.RelWithDebInfo|Win32.ActiveCfg = RelWithDebInfo|Win32
		{B1DCF4F0-51F1-3082-B63E-C313AB911B32}.Debug|Win32.ActiveCfg = Debug|Win32
		{B1DCF4F0-51F1-3082-B63E-C313AB911B32}.Debug|Win32.Build.0 = Debug|Win32
		{B1DCF4F0-51F1-3082-B63E-C313AB911B32}.Release|Win32.ActiveCfg = Release|Win32
		{B1DCF4F0-51F1-3082-B63E-C313AB911B32}.Release|Win32.Build.0 = Release|Win32
		{B1DCF4F0-51F1-3082-B63E-C313AB911B32}.MinSizeRel|Win32.ActiveCfg = MinSizeRel|Win32
		{B1DCF4F0-51F1-3082-B63E-C313AB911B32}.MinSizeRel|Win32.Build.0 = MinSizeRel|Win32
		{B1DCF4F0-51F1-3082-B63E-C313AB911B32}.RelWithDebInfo|Win32.ActiveCfg = RelWithDebInfo|Win32
		{B1DCF4F0-51F1-3082-B63E-C313AB911B32}.RelWithDebInfo|Win32.Build.0 = RelWithDebInfo|Win32
		{0FFDF8F0-FCAF-380F-854E-BF2728B56949}.Debug|Win32.ActiveCfg = Debug|Win32
		{0FFDF8F0-FCAF-380F-854E-BF2728B56949}.Debug|Win32.Build.0 = Debug|Win32
		{0FFDF8F0-FCAF-380F-854E-BF2728B56949}.Release|Win32.ActiveCfg = Release|Win32
		{0FFDF8F0-FCAF-380F-854E-BF2728B56949}.Release|Win32.Build.0 = Release|Win32
		{0FFDF8F0-FCAF-380F-854E-BF2728B56949}.MinSizeRel|Win32.ActiveCfg = MinSizeRel|Win32
		{0FFDF8F0-FCAF-380F-854E-BF2728B56949}.MinSizeRel|Win32.Build.0 = MinSizeRel|Win32
		{0FFDF8F0-FCAF-380F-854E-BF2728B56949}.RelWithDebInfo|Win32.ActiveCfg = RelWithDebInfo|Win32
		{0FFDF8F0-FCAF-380F-854E-BF2728B56949}.RelWithDebInfo|Win32.Build.0 = RelWithDebInfo|Win32
	EndGlobalSection
	GlobalSection(ExtensibilityGlobals) = postSolution
	EndGlobalSection
	GlobalSection(ExtensibilityAddIns) = postSolution
	EndGlobalSection
EndGlobal
